<?xml version="1.0" encoding="utf-8"?>
<Project ToolsVersion="4.0" xmlns="http://schemas.microsoft.com/developer/msbuild/2003">
  <ItemGroup>
    <Filter Include="Source Files">
      <UniqueIdentifier>{4FC737F1-C7A5-4376-A066-2A32D752A2FF}</UniqueIdentifier>
      <Extensions>cpp;c;cxx;def;odl;idl;hpj;bat;asm;asmx</Extensions>
    </Filter>
    <Filter Include="Header Files">
      <UniqueIdentifier>{93995380-89BD-4b04-88EB-625FBE52EBFB}</UniqueIdentifier>
      <Extensions>h;hpp;hxx;hm;inl;inc;xsd</Extensions>
    </Filter>
    <Filter Include="Generated Files">
      <UniqueIdentifier>{71ED8ED8-ACB9-4CE9-BBE1-E00B30144E11}</UniqueIdentifier>
      <Extensions>cpp;c;cxx;moc;h;def;odl;idl;res;</Extensions>
    </Filter>
  </ItemGroup>
  <ItemGroup>
    <ClCompile Include="..\MxPEGCoreComponent\BufferedMxPEGDecoderBackEnd.cpp">
      <Filter>Source Files</Filter>
    </ClCompile>
    <ClCompile Include="..\MxPEGCoreComponent\DiagnosticsMxPEGTileReceiver.cpp">
      <Filter>Source Files</Filter>
    </ClCompile>
    <ClCompile Include="..\IOKitComponent\FileWriter.cpp">
      <Filter>Source Files</Filter>
    </ClCompile>
    <ClCompile Include="..\Framework\Framework.cpp">
      <Filter>Source Files</Filter>
    </ClCompile>
    <ClCompile Include="..\MxPEGCoreComponent\mxcpcHuffmanTree.cpp">
      <Filter>Source Files</Filter>
    </ClCompile>
    <ClCompile Include="mxpeg-decoder.cpp">
      <Filter>Source Files</Filter>
    </ClCompile>
    <ClCompile Include="..\mxm\core\mxm_generic_stuff.cpp">
      <Filter>Source Files</Filter>
    </ClCompile>
    <ClCompile Include="..\mxm\core\mxmApplication.cpp">
      <Filter>Source Files</Filter>
    </ClCompile>
    <ClCompile Include="..\mxm\core\mxmAudioBlockInfo.cpp">
      <Filter>Source Files</Filter>
    </ClCompile>
    <ClCompile Include="..\mxm\core\mxmBuffer.cpp">
      <Filter>Source Files</Filter>
    </ClCompile>
    <ClCompile Include="..\mxm\core\mxmConfigSection.cpp">
      <Filter>Source Files</Filter>
    </ClCompile>
    <ClCompile Include="..\mxm\core\mxmContainer.cpp">
      <Filter>Source Files</Filter>
    </ClCompile>
    <ClCompile Include="..\mxm\core\mxmDate.cpp">
      <Filter>Source Files</Filter>
    </ClCompile>
    <ClCompile Include="..\mxm\core\mxmDefaultSynchronizationFactory.cpp">
      <Filter>Source Files</Filter>
    </ClCompile>
    <ClCompile Include="..\mxm\core\mxmException.cpp">
      <Filter>Source Files</Filter>
    </ClCompile>
    <ClCompile Include="..\mxm\core\mxmFrameInfo.cpp">
      <Filter>Source Files</Filter>
    </ClCompile>
    <ClCompile Include="..\mxm\core\mxmHuffmanTableId.cpp">
      <Filter>Source Files</Filter>
    </ClCompile>
    <ClCompile Include="..\mxm\core\mxmInterface.cpp">
      <Filter>Source Files</Filter>
    </ClCompile>
    <ClCompile Include="..\mxm\core\mxmIntModN.cpp">
      <Filter>Source Files</Filter>
    </ClCompile>
    <ClCompile Include="..\mxm\core\mxmIPAddress.cpp">
      <Filter>Source Files</Filter>
    </ClCompile>
    <ClCompile Include="..\mxm\core\mxmList.cpp">
      <Filter>Source Files</Filter>
    </ClCompile>
    <ClCompile Include="..\mxm\core\mxmLocalEndian.cpp">
      <Filter>Source Files</Filter>
    </ClCompile>
    <ClCompile Include="..\mxm\core\mxmNonCopyable.cpp">
      <Filter>Source Files</Filter>
    </ClCompile>
    <ClCompile Include="..\mxm\core\mxmNopStatusMessageHandler.cpp">
      <Filter>Source Files</Filter>
    </ClCompile>
    <ClCompile Include="..\mxm\core\mxmNumberSet.cpp">
      <Filter>Source Files</Filter>
    </ClCompile>
    <ClCompile Include="..\mxm\core\mxmObject.cpp">
      <Filter>Source Files</Filter>
    </ClCompile>
    <ClCompile Include="..\mxm\core\mxmPerlStyleHash.cpp">
      <Filter>Source Files</Filter>
    </ClCompile>
    <ClCompile Include="..\mxm\core\mxmQtSignal.cpp">
      <Filter>Source Files</Filter>
    </ClCompile>
    <ClCompile Include="..\mxm\core\mxmQtSlot.cpp">
      <Filter>Source Files</Filter>
    </ClCompile>
    <ClCompile Include="..\mxm\core\mxmSmartHandleCore.cpp">
      <Filter>Source Files</Filter>
    </ClCompile>
    <ClCompile Include="..\mxm\core\mxmString.cpp">
      <Filter>Source Files</Filter>
    </ClCompile>
    <ClCompile Include="..\mxm\core\mxmStringDecider.cpp">
      <Filter>Source Files</Filter>
    </ClCompile>
    <ClCompile Include="..\mxm\core\mxmStringList.cpp">
      <Filter>Source Files</Filter>
    </ClCompile>
    <ClCompile Include="..\mxm\core\mxmThreadConditionVariable.cpp">
      <Filter>Source Files</Filter>
    </ClCompile>
    <ClCompile Include="..\mxm\core\mxmThreadLock.cpp">
      <Filter>Source Files</Filter>
    </ClCompile>
    <ClCompile Include="..\mxm\core\mxmTime.cpp">
      <Filter>Source Files</Filter>
    </ClCompile>
    <ClCompile Include="..\mxm\core\mxmTypeDecider.cpp">
      <Filter>Source Files</Filter>
    </ClCompile>
    <ClCompile Include="..\mxm\core\mxmUndecodedMxPEGFrameDescriptor.cpp">
      <Filter>Source Files</Filter>
    </ClCompile>
    <ClCompile Include="..\MxPEGCoreComponent\MxPEGParser.cpp">
      <Filter>Source Files</Filter>
    </ClCompile>
    <ClCompile Include="..\MxPEGCoreComponent\MxPEGRawFrameDumper.cpp">
      <Filter>Source Files</Filter>
    </ClCompile>
    <ClCompile Include="..\MxPEGCoreComponent\MxPEGScanDecoderSoftwareOnly.cpp">
      <Filter>Source Files</Filter>
    </ClCompile>
    <ClCompile Include="..\MxPEGCoreComponent\MxPEGScanDecoderSoftwareOnlyCore.cpp">
      <Filter>Source Files</Filter>
    </ClCompile>
    <ClCompile Include="..\MxPEGCoreComponent\MxPEGScanToJPEGConverterSoftwareOnly.cpp">
      <Filter>Source Files</Filter>
    </ClCompile>
    <ClCompile Include="..\mxpeg_sdk\static_component_bootstrap.cpp">
      <Filter>Source Files</Filter>
    </ClCompile>
    <ClCompile Include="..\IOKitComponent\StreamFile.cpp">
      <Filter>Source Files</Filter>
    </ClCompile>
  </ItemGroup>
  <ItemGroup>
    <ClInclude Include="..\Framework\include\Framework\Framework.h">
      <Filter>Header Files</Filter>
    </ClInclude>
    <ClInclude Include="..\IOKitComponent\include\FileWriter.h">
      <Filter>Header Files</Filter>
    </ClInclude>
    <ClInclude Include="..\IOKitComponent\include\GetConfigSection.h">
      <Filter>Header Files</Filter>
    </ClInclude>
    <ClInclude Include="..\IOKitComponent\include\GetWebPage.h">
      <Filter>Header Files</Filter>
    </ClInclude>
    <ClInclude Include="..\IOKitComponent\include\HTTPGetStreamSource.h">
      <Filter>Header Files</Filter>
    </ClInclude>
    <ClInclude Include="..\IOKitComponent\include\HTTPGetStreamSourceCore.h">
      <Filter>Header Files</Filter>
    </ClInclude>
    <ClInclude Include="..\IOKitComponent\include\KeyChain.h">
      <Filter>Header Files</Filter>
    </ClInclude>
    <ClInclude Include="..\IOKitComponent\include\StreamFile.h">
      <Filter>Header Files</Filter>
    </ClInclude>
    <ClInclude Include="..\IPPAcceleratedMxPEGComponent\include\MxPEGScanDecoderIPP.h">
      <Filter>Header Files</Filter>
    </ClInclude>
    <ClInclude Include="..\IPPAcceleratedMxPEGComponent\include\MxPEGScanDecoderIPPCore.h">
      <Filter>Header Files</Filter>
    </ClInclude>
    <ClInclude Include="..\IPPAcceleratedMxPEGComponent\include\MxPEGScanToJPEGConverterIPP.h">
      <Filter>Header Files</Filter>
    </ClInclude>
    <ClInclude Include="..\mxm\include\mxm\core\mxm_colorspaces.h">
      <Filter>Header Files</Filter>
    </ClInclude>
    <ClInclude Include="..\mxm\include\mxm\core\mxm_core_platform_macros.h">
      <Filter>Header Files</Filter>
    </ClInclude>
    <ClInclude Include="..\mxm\include\mxm\core\mxm_generic_stuff.h">
      <Filter>Header Files</Filter>
    </ClInclude>
    <ClInclude Include="..\mxm\include\mxm\core\mxm_jpeg.h">
      <Filter>Header Files</Filter>
    </ClInclude>
    <ClInclude Include="..\mxm\include\mxm\core\mxm_macros.h">
      <Filter>Header Files</Filter>
    </ClInclude>
    <ClInclude Include="..\mxm\include\mxm\core\mxm_smart.h">
      <Filter>Header Files</Filter>
    </ClInclude>
    <ClInclude Include="..\mxm\include\mxm\core\mxm_types.h">
      <Filter>Header Files</Filter>
    </ClInclude>
    <ClInclude Include="..\mxm\include\mxm\core\mxmApplication.h">
      <Filter>Header Files</Filter>
    </ClInclude>
    <ClInclude Include="..\mxm\include\mxm\core\mxmAudioBlockInfo.h">
      <Filter>Header Files</Filter>
    </ClInclude>
    <ClInclude Include="..\mxm\include\mxm\core\mxmBidirectionalIteratorInterface.h">
      <Filter>Header Files</Filter>
    </ClInclude>
    <ClInclude Include="..\mxm\include\mxm\core\mxmBuffer.h">
      <Filter>Header Files</Filter>
    </ClInclude>
    <ClInclude Include="..\mxm\include\mxm\core\mxmConditionVariableInterface.h">
      <Filter>Header Files</Filter>
    </ClInclude>
    <ClInclude Include="..\mxm\include\mxm\core\mxmConfigSection.h">
      <Filter>Header Files</Filter>
    </ClInclude>
    <ClInclude Include="..\mxm\include\mxm\core\mxmContainer.h">
      <Filter>Header Files</Filter>
    </ClInclude>
    <ClInclude Include="..\mxm\include\mxm\core\mxmContainerInterface.h">
      <Filter>Header Files</Filter>
    </ClInclude>
    <ClInclude Include="..\mxm\include\mxm\core\mxmDate.h">
      <Filter>Header Files</Filter>
    </ClInclude>
    <ClInclude Include="..\mxm\include\mxm\core\mxmDecider.h">
      <Filter>Header Files</Filter>
    </ClInclude>
    <ClInclude Include="..\mxm\include\mxm\core\mxmDefaultSynchronizationFactory.h">
      <Filter>Header Files</Filter>
    </ClInclude>
    <ClInclude Include="..\mxm\include\mxm\core\mxmException.h">
      <Filter>Header Files</Filter>
    </ClInclude>
    <ClInclude Include="..\mxm\include\mxm\core\mxmFrameInfo.h">
      <Filter>Header Files</Filter>
    </ClInclude>
    <ClInclude Include="..\mxm\include\mxm\core\mxmHuffmanTableId.h">
      <Filter>Header Files</Filter>
    </ClInclude>
    <ClInclude Include="..\mxm\include\mxm\core\mxmInterface.h">
      <Filter>Header Files</Filter>
    </ClInclude>
    <ClInclude Include="..\mxm\include\mxm\core\mxmIntModN.h">
      <Filter>Header Files</Filter>
    </ClInclude>
    <ClInclude Include="..\mxm\include\mxm\core\mxmIPAddress.h">
      <Filter>Header Files</Filter>
    </ClInclude>
    <ClInclude Include="..\mxm\include\mxm\core\mxmIteratorInterface.h">
      <Filter>Header Files</Filter>
    </ClInclude>
    <ClInclude Include="..\mxm\include\mxm\core\mxmList.h">
      <Filter>Header Files</Filter>
    </ClInclude>
    <ClInclude Include="..\mxm\include\mxm\core\mxmLocalEndian.h">
      <Filter>Header Files</Filter>
    </ClInclude>
    <ClInclude Include="..\mxm\include\mxm\core\mxmLockInterface.h">
      <Filter>Header Files</Filter>
    </ClInclude>
    <ClInclude Include="..\mxm\include\mxm\core\mxmMutableBidirectionalIteratorInterface.h">
      <Filter>Header Files</Filter>
    </ClInclude>
    <ClInclude Include="..\mxm\include\mxm\core\mxmMutableIteratorInterface.h">
      <Filter>Header Files</Filter>
    </ClInclude>
    <ClInclude Include="..\mxm\include\mxm\core\mxmNonCopyable.h">
      <Filter>Header Files</Filter>
    </ClInclude>
    <ClInclude Include="..\mxm\include\mxm\core\mxmNopStatusMessageHandler.h">
      <Filter>Header Files</Filter>
    </ClInclude>
    <ClInclude Include="..\mxm\include\mxm\core\mxmNumberSet.h">
      <Filter>Header Files</Filter>
    </ClInclude>
    <ClInclude Include="..\mxm\include\mxm\core\mxmObject.h">
      <Filter>Header Files</Filter>
    </ClInclude>
    <ClInclude Include="..\mxm\include\mxm\core\mxmPerlStyleHash.h">
      <Filter>Header Files</Filter>
    </ClInclude>
    <ClInclude Include="..\mxm\include\mxm\core\mxmQtSignal.h">
      <Filter>Header Files</Filter>
    </ClInclude>
    <ClInclude Include="..\mxm\include\mxm\core\mxmQtSlot.h">
      <Filter>Header Files</Filter>
    </ClInclude>
    <ClInclude Include="..\mxm\include\mxm\core\mxmRelationDecider.h">
      <Filter>Header Files</Filter>
    </ClInclude>
    <ClInclude Include="..\mxm\include\mxm\core\mxmSmartHandle.h">
      <Filter>Header Files</Filter>
    </ClInclude>
    <ClInclude Include="..\mxm\include\mxm\core\mxmSmartHandleCore.h">
      <Filter>Header Files</Filter>
    </ClInclude>
    <ClInclude Include="..\mxm\include\mxm\core\mxmStatusMessageHandlerInterface.h">
      <Filter>Header Files</Filter>
    </ClInclude>
    <ClInclude Include="..\mxm\include\mxm\core\mxmString.h">
      <Filter>Header Files</Filter>
    </ClInclude>
    <ClInclude Include="..\mxm\include\mxm\core\mxmStringDecider.h">
      <Filter>Header Files</Filter>
    </ClInclude>
    <ClInclude Include="..\mxm\include\mxm\core\mxmStringList.h">
      <Filter>Header Files</Filter>
    </ClInclude>
    <ClInclude Include="..\mxm\include\mxm\core\mxmSynchronizationFactoryInterface.h">
      <Filter>Header Files</Filter>
    </ClInclude>
    <ClInclude Include="..\mxm\include\mxm\core\mxmThreadConditionVariable.h">
      <Filter>Header Files</Filter>
    </ClInclude>
    <ClInclude Include="..\mxm\include\mxm\core\mxmThreadLock.h">
      <Filter>Header Files</Filter>
    </ClInclude>
    <ClInclude Include="..\mxm\include\mxm\core\mxmTime.h">
      <Filter>Header Files</Filter>
    </ClInclude>
    <ClInclude Include="..\mxm\include\mxm\core\mxmTypeDecider.h">
      <Filter>Header Files</Filter>
    </ClInclude>
    <ClInclude Include="..\mxm\include\mxm\core\mxmUndecodedMxPEGFrameDescriptor.h">
      <Filter>Header Files</Filter>
    </ClInclude>
    <ClInclude Include="..\mxmQt\include\mxmQt\mxm_qt.h">
      <Filter>Header Files</Filter>
    </ClInclude>
    <ClInclude Include="..\mxmQt\include\mxmQt\mxm_qt_platform_macros.h">
      <Filter>Header Files</Filter>
    </ClInclude>
    <ClInclude Include="..\mxpeg_sdk\include\mxpeg_sdk\static_component_bootstrap.h">
      <Filter>Header Files</Filter>
    </ClInclude>
    <ClInclude Include="..\MxPEGCoreComponent\include\BufferedMxPEGDecoderBackEnd.h">
      <Filter>Header Files</Filter>
    </ClInclude>
    <ClInclude Include="..\MxPEGCoreComponent\include\DiagnosticsMxPEGTileReceiver.h">
      <Filter>Header Files</Filter>
    </ClInclude>
    <ClInclude Include="..\MxPEGCoreComponent\include\mxcpcHuffmanTree.h">
      <Filter>Header Files</Filter>
    </ClInclude>
    <ClInclude Include="..\MxPEGCoreComponent\include\MxPEGParser.h">
      <Filter>Header Files</Filter>
    </ClInclude>
    <ClInclude Include="..\MxPEGCoreComponent\include\MxPEGRawFrameDumper.h">
      <Filter>Header Files</Filter>
    </ClInclude>
    <ClInclude Include="..\MxPEGCoreComponent\include\MxPEGScanDecoderSoftwareOnly.h">
      <Filter>Header Files</Filter>
    </ClInclude>
    <ClInclude Include="..\MxPEGCoreComponent\include\MxPEGScanDecoderSoftwareOnlyCore.h">
      <Filter>Header Files</Filter>
    </ClInclude>
    <ClInclude Include="..\MxPEGCoreComponent\include\MxPEGScanToJPEGConverterSoftwareOnly.h">
      <Filter>Header Files</Filter>
    </ClInclude>
    <ClInclude Include="..\MxPEGCoreComponent\include\SimpleMxPEGRenderer.h">
      <Filter>Header Files</Filter>
    </ClInclude>
    <ClInclude Include="mxgconv.h">
      <Filter>Header Files</Filter>
    </ClInclude>
  </ItemGroup>
</Project>